// !$*UTF8*$!
{
	archiveVersion = 1;
	classes = {
	};
	objectVersion = 50;
	objects = {

/* Begin PBXBuildFile section */
		9ED7A6B62621BABC0035F583 /* AppDelegate.swift in Sources */ = {isa = PBXBuildFile; fileRef = 9ED7A6B52621BABC0035F583 /* AppDelegate.swift */; };
		9ED7A6B82621BABC0035F583 /* SceneDelegate.swift in Sources */ = {isa = PBXBuildFile; fileRef = 9ED7A6B72621BABC0035F583 /* SceneDelegate.swift */; };
		9ED7A6BA2621BABC0035F583 /* DashBoardVC.swift in Sources */ = {isa = PBXBuildFile; fileRef = 9ED7A6B92621BABC0035F583 /* DashBoardVC.swift */; };
		9ED7A6BD2621BABC0035F583 /* Main.storyboard in Resources */ = {isa = PBXBuildFile; fileRef = 9ED7A6BB2621BABC0035F583 /* Main.storyboard */; };
		9ED7A6BF2621BABF0035F583 /* Assets.xcassets in Resources */ = {isa = PBXBuildFile; fileRef = 9ED7A6BE2621BABF0035F583 /* Assets.xcassets */; };
		9ED7A6C22621BABF0035F583 /* LaunchScreen.storyboard in Resources */ = {isa = PBXBuildFile; fileRef = 9ED7A6C02621BABF0035F583 /* LaunchScreen.storyboard */; };
		9ED7A6D72622D0600035F583 /* ReusabelButton.swift in Sources */ = {isa = PBXBuildFile; fileRef = 9ED7A6D62622D0600035F583 /* ReusabelButton.swift */; };
		9ED7A6DA26231A8C0035F583 /* Colors.swift in Sources */ = {isa = PBXBuildFile; fileRef = 9ED7A6D926231A8C0035F583 /* Colors.swift */; };
		9ED7A6E62623434D0035F583 /* UIView+Extension.swift in Sources */ = {isa = PBXBuildFile; fileRef = 9ED7A6E52623434C0035F583 /* UIView+Extension.swift */; };
/* End PBXBuildFile section */

/* Begin PBXFileReference section */
		9ED7A6B22621BABC0035F583 /* RandstadRiseSmart.app */ = {isa = PBXFileReference; explicitFileType = wrapper.application; includeInIndex = 0; path = RandstadRiseSmart.app; sourceTree = BUILT_PRODUCTS_DIR; };
		9ED7A6B52621BABC0035F583 /* AppDelegate.swift */ = {isa = PBXFileReference; lastKnownFileType = sourcecode.swift; path = AppDelegate.swift; sourceTree = "<group>"; };
		9ED7A6B72621BABC0035F583 /* SceneDelegate.swift */ = {isa = PBXFileReference; lastKnownFileType = sourcecode.swift; path = SceneDelegate.swift; sourceTree = "<group>"; };
		9ED7A6B92621BABC0035F583 /* DashBoardVC.swift */ = {isa = PBXFileReference; lastKnownFileType = sourcecode.swift; path = DashBoardVC.swift; sourceTree = "<group>"; };
		9ED7A6BC2621BABC0035F583 /* Base */ = {isa = PBXFileReference; lastKnownFileType = file.storyboard; name = Base; path = Base.lproj/Main.storyboard; sourceTree = "<group>"; };
		9ED7A6BE2621BABF0035F583 /* Assets.xcassets */ = {isa = PBXFileReference; lastKnownFileType = folder.assetcatalog; path = Assets.xcassets; sourceTree = "<group>"; };
		9ED7A6C12621BABF0035F583 /* Base */ = {isa = PBXFileReference; lastKnownFileType = file.storyboard; name = Base; path = Base.lproj/LaunchScreen.storyboard; sourceTree = "<group>"; };
		9ED7A6C32621BABF0035F583 /* Info.plist */ = {isa = PBXFileReference; lastKnownFileType = text.plist.xml; path = Info.plist; sourceTree = "<group>"; };
		9ED7A6D62622D0600035F583 /* ReusabelButton.swift */ = {isa = PBXFileReference; lastKnownFileType = sourcecode.swift; path = ReusabelButton.swift; sourceTree = "<group>"; };
		9ED7A6D926231A8C0035F583 /* Colors.swift */ = {isa = PBXFileReference; fileEncoding = 4; lastKnownFileType = sourcecode.swift; path = Colors.swift; sourceTree = "<group>"; };
		9ED7A6E52623434C0035F583 /* UIView+Extension.swift */ = {isa = PBXFileReference; lastKnownFileType = sourcecode.swift; path = "UIView+Extension.swift"; sourceTree = "<group>"; };
/* End PBXFileReference section */

/* Begin PBXFrameworksBuildPhase section */
		9ED7A6AF2621BABC0035F583 /* Frameworks */ = {
			isa = PBXFrameworksBuildPhase;
			buildActionMask = 2147483647;
			files = (
			);
			runOnlyForDeploymentPostprocessing = 0;
		};
/* End PBXFrameworksBuildPhase section */

/* Begin PBXGroup section */
		9ED7A6A92621BABC0035F583 = {
			isa = PBXGroup;
			children = (
				9ED7A6B42621BABC0035F583 /* RandstadRiseSmart */,
				9ED7A6B32621BABC0035F583 /* Products */,
			);
			sourceTree = "<group>";
		};
		9ED7A6B32621BABC0035F583 /* Products */ = {
			isa = PBXGroup;
			children = (
				9ED7A6B22621BABC0035F583 /* RandstadRiseSmart.app */,
			);
			name = Products;
			sourceTree = "<group>";
		};
		9ED7A6B42621BABC0035F583 /* RandstadRiseSmart */ = {
			isa = PBXGroup;
			children = (
				9ED7A6E1262340500035F583 /* AppDelegate */,
				9ED7A6DF2623402E0035F583 /* Controller */,
				9ED7A6DD262340130035F583 /* HelperClasses */,
				9ED7A6E3262340610035F583 /* Views */,
				9ED7A6BE2621BABF0035F583 /* Assets.xcassets */,
				9ED7A6C02621BABF0035F583 /* LaunchScreen.storyboard */,
				9ED7A6C32621BABF0035F583 /* Info.plist */,
			);
			path = RandstadRiseSmart;
			sourceTree = "<group>";
		};
		9ED7A6DD262340130035F583 /* HelperClasses */ = {
			isa = PBXGroup;
			children = (
				9ED7A6D926231A8C0035F583 /* Colors.swift */,
				9ED7A6D62622D0600035F583 /* ReusabelButton.swift */,
				9ED7A6E8262343590035F583 /* Extensions */,
			);
			path = HelperClasses;
			sourceTree = "<group>";
		};
		9ED7A6DF2623402E0035F583 /* Controller */ = {
			isa = PBXGroup;
			children = (
				9ED7A6B92621BABC0035F583 /* DashBoardVC.swift */,
			);
			path = Controller;
			sourceTree = "<group>";
		};
		9ED7A6E1262340500035F583 /* AppDelegate */ = {
			isa = PBXGroup;
			children = (
				9ED7A6B52621BABC0035F583 /* AppDelegate.swift */,
				9ED7A6B72621BABC0035F583 /* SceneDelegate.swift */,
			);
			path = AppDelegate;
			sourceTree = "<group>";
		};
		9ED7A6E3262340610035F583 /* Views */ = {
			isa = PBXGroup;
			children = (
				9ED7A6BB2621BABC0035F583 /* Main.storyboard */,
			);
			path = Views;
			sourceTree = "<group>";
		};
		9ED7A6E8262343590035F583 /* Extensions */ = {
			isa = PBXGroup;
			children = (
				9ED7A6E52623434C0035F583 /* UIView+Extension.swift */,
			);
			path = Extensions;
			sourceTree = "<group>";
		};
/* End PBXGroup section */

/* Begin PBXNativeTarget section */
		9ED7A6B12621BABC0035F583 /* RandstadRiseSmart */ = {
			isa = PBXNativeTarget;
			buildConfigurationList = 9ED7A6C62621BABF0035F583 /* Build configuration list for PBXNativeTarget "RandstadRiseSmart" */;
			buildPhases = (
				9ED7A6AE2621BABC0035F583 /* Sources */,
				9ED7A6AF2621BABC0035F583 /* Frameworks */,
				9ED7A6B02621BABC0035F583 /* Resources */,
			);
			buildRules = (
			);
			dependencies = (
			);
			name = RandstadRiseSmart;
			productName = RandstadRiseSmart;
			productReference = 9ED7A6B22621BABC0035F583 /* RandstadRiseSmart.app */;
			productType = "com.apple.product-type.application";
		};
/* End PBXNativeTarget section */

/* Begin PBXProject section */
		9ED7A6AA2621BABC0035F583 /* Project object */ = {
			isa = PBXProject;
			attributes = {
				LastSwiftUpdateCheck = 1230;
				LastUpgradeCheck = 1230;
				TargetAttributes = {
					9ED7A6B12621BABC0035F583 = {
						CreatedOnToolsVersion = 12.3;
					};
				};
			};
			buildConfigurationList = 9ED7A6AD2621BABC0035F583 /* Build configuration list for PBXProject "RandstadRiseSmart" */;
			compatibilityVersion = "Xcode 9.3";
			developmentRegion = en;
			hasScannedForEncodings = 0;
			knownRegions = (
				en,
				Base,
			);
			mainGroup = 9ED7A6A92621BABC0035F583;
			productRefGroup = 9ED7A6B32621BABC0035F583 /* Products */;
			projectDirPath = "";
			projectRoot = "";
			targets = (
				9ED7A6B12621BABC0035F583 /* RandstadRiseSmart */,
			);
		};
/* End PBXProject section */

/* Begin PBXResourcesBuildPhase section */
		9ED7A6B02621BABC0035F583 /* Resources */ = {
			isa = PBXResourcesBuildPhase;
			buildActionMask = 2147483647;
			files = (
				9ED7A6C22621BABF0035F583 /* LaunchScreen.storyboard in Resources */,
				9ED7A6BF2621BABF0035F583 /* Assets.xcassets in Resources */,
				9ED7A6BD2621BABC0035F583 /* Main.storyboard in Resources */,
			);
			runOnlyForDeploymentPostprocessing = 0;
		};
/* End PBXResourcesBuildPhase section */

/* Begin PBXSourcesBuildPhase section */
		9ED7A6AE2621BABC0035F583 /* Sources */ = {
			isa = PBXSourcesBuildPhase;
			buildActionMask = 2147483647;
			files = (
				9ED7A6E62623434D0035F583 /* UIView+Extension.swift in Sources */,
				9ED7A6BA2621BABC0035F583 /* DashBoardVC.swift in Sources */,
				9ED7A6DA26231A8C0035F583 /* Colors.swift in Sources */,
				9ED7A6B62621BABC0035F583 /* AppDelegate.swift in Sources */,
				9ED7A6D72622D0600035F583 /* ReusabelButton.swift in Sources */,
				9ED7A6B82621BABC0035F583 /* SceneDelegate.swift in Sources */,
			);
			runOnlyForDeploymentPostprocessing = 0;
		};
/* End PBXSourcesBuildPhase section */

/* Begin PBXVariantGroup section */
		9ED7A6BB2621BABC0035F583 /* Main.storyboard */ = {
			isa = PBXVariantGroup;
			children = (
				9ED7A6BC2621BABC0035F583 /* Base */,
			);
			name = Main.storyboard;
			sourceTree = "<group>";
		};
		9ED7A6C02621BABF0035F583 /* LaunchScreen.storyboard */ = {
			isa = PBXVariantGroup;
			children = (
				9ED7A6C12621BABF0035F583 /* Base */,
			);
			name = LaunchScreen.storyboard;
			sourceTree = "<group>";
		};
/* End PBXVariantGroup section */

/* Begin XCBuildConfiguration section */
		9ED7A6C42621BABF0035F583 /* Debug */ = {
			isa = XCBuildConfiguration;
			buildSettings = {
				ALWAYS_SEARCH_USER_PATHS = NO;
				CLANG_ANALYZER_NONNULL = YES;
				CLANG_ANALYZER_NUMBER_OBJECT_CONVERSION = YES_AGGRESSIVE;
				CLANG_CXX_LANGUAGE_STANDARD = "gnu++14";
				CLANG_CXX_LIBRARY = "libc++";
				CLANG_ENABLE_MODULES = YES;
				CLANG_ENABLE_OBJC_ARC = YES;
				CLANG_ENABLE_OBJC_WEAK = YES;
				CLANG_WARN_BLOCK_CAPTURE_AUTORELEASING = YES;
				CLANG_WARN_BOOL_CONVERSION = YES;
				CLANG_WARN_COMMA = YES;
				CLANG_WARN_CONSTANT_CONVERSION = YES;
				CLANG_WARN_DEPRECATED_OBJC_IMPLEMENTATIONS = YES;
				CLANG_WARN_DIRECT_OBJC_ISA_USAGE = YES_ERROR;
				CLANG_WARN_DOCUMENTATION_COMMENTS = YES;
				CLANG_WARN_EMPTY_BODY = YES;
				CLANG_WARN_ENUM_CONVERSION = YES;
				CLANG_WARN_INFINITE_RECURSION = YES;
				CLANG_WARN_INT_CONVERSION = YES;
				CLANG_WARN_NON_LITERAL_NULL_CONVERSION = YES;
				CLANG_WARN_OBJC_IMPLICIT_RETAIN_SELF = YES;
				CLANG_WARN_OBJC_LITERAL_CONVERSION = YES;
				CLANG_WARN_OBJC_ROOT_CLASS = YES_ERROR;
				CLANG_WARN_QUOTED_INCLUDE_IN_FRAMEWORK_HEADER = YES;
				CLANG_WARN_RANGE_LOOP_ANALYSIS = YES;
				CLANG_WARN_STRICT_PROTOTYPES = YES;
				CLANG_WARN_SUSPICIOUS_MOVE = YES;
				CLANG_WARN_UNGUARDED_AVAILABILITY = YES_AGGRESSIVE;
				CLANG_WARN_UNREACHABLE_CODE = YES;
				CLANG_WARN__DUPLICATE_METHOD_MATCH = YES;
				COPY_PHASE_STRIP = NO;
				DEBUG_INFORMATION_FORMAT = dwarf;
				ENABLE_STRICT_OBJC_MSGSEND = YES;
				ENABLE_TESTABILITY = YES;
				GCC_C_LANGUAGE_STANDARD = gnu11;
				GCC_DYNAMIC_NO_PIC = NO;
				GCC_NO_COMMON_BLOCKS = YES;
				GCC_OPTIMIZATION_LEVEL = 0;
				GCC_PREPROCESSOR_DEFINITIONS = (
					"DEBUG=1",
					"$(inherited)",
				);
				GCC_WARN_64_TO_32_BIT_CONVERSION = YES;
				GCC_WARN_ABOUT_RETURN_TYPE = YES_ERROR;
				GCC_WARN_UNDECLARED_SELECTOR = YES;
				GCC_WARN_UNINITIALIZED_AUTOS = YES_AGGRESSIVE;
				GCC_WARN_UNUSED_FUNCTION = YES;
				GCC_WARN_UNUSED_VARIABLE = YES;
				IPHONEOS_DEPLOYMENT_TARGET = 14.3;
				MTL_ENABLE_DEBUG_INFO = INCLUDE_SOURCE;
				MTL_FAST_MATH = YES;
				ONLY_ACTIVE_ARCH = YES;
				SDKROOT = iphoneos;
				SWIFT_ACTIVE_COMPILATION_CONDITIONS = DEBUG;
				SWIFT_OPTIMIZATION_LEVEL = "-Onone";
			};
			name = Debug;
		};
		9ED7A6C52621BABF0035F583 /* Release */ = {
			isa = XCBuildConfiguration;
			buildSettings = {
				ALWAYS_SEARCH_USER_PATHS = NO;
				CLANG_ANALYZER_NONNULL = YES;
				CLANG_ANALYZER_NUMBER_OBJECT_CONVERSION = YES_AGGRESSIVE;
				CLANG_CXX_LANGUAGE_STANDARD = "gnu++14";
				CLANG_CXX_LIBRARY = "libc++";
				CLANG_ENABLE_MODULES = YES;
				CLANG_ENABLE_OBJC_ARC = YES;
				CLANG_ENABLE_OBJC_WEAK = YES;
				CLANG_WARN_BLOCK_CAPTURE_AUTORELEASING = YES;
				CLANG_WARN_BOOL_CONVERSION = YES;
				CLANG_WARN_COMMA = YES;
				CLANG_WARN_CONSTANT_CONVERSION = YES;
				CLANG_WARN_DEPRECATED_OBJC_IMPLEMENTATIONS = YES;
				CLANG_WARN_DIRECT_OBJC_ISA_USAGE = YES_ERROR;
				CLANG_WARN_DOCUMENTATION_COMMENTS = YES;
				CLANG_WARN_EMPTY_BODY = YES;
				CLANG_WARN_ENUM_CONVERSION = YES;
				CLANG_WARN_INFINITE_RECURSION = YES;
				CLANG_WARN_INT_CONVERSION = YES;
				CLANG_WARN_NON_LITERAL_NULL_CONVERSION = YES;
				CLANG_WARN_OBJC_IMPLICIT_RETAIN_SELF = YES;
				CLANG_WARN_OBJC_LITERAL_CONVERSION = YES;
				CLANG_WARN_OBJC_ROOT_CLASS = YES_ERROR;
				CLANG_WARN_QUOTED_INCLUDE_IN_FRAMEWORK_HEADER = YES;
				CLANG_WARN_RANGE_LOOP_ANALYSIS = YES;
				CLANG_WARN_STRICT_PROTOTYPES = YES;
				CLANG_WARN_SUSPICIOUS_MOVE = YES;
				CLANG_WARN_UNGUARDED_AVAILABILITY = YES_AGGRESSIVE;
				CLANG_WARN_UNREACHABLE_CODE = YES;
				CLANG_WARN__DUPLICATE_METHOD_MATCH = YES;
				COPY_PHASE_STRIP = NO;
				DEBUG_INFORMATION_FORMAT = "dwarf-with-dsym";
				ENABLE_NS_ASSERTIONS = NO;
				ENABLE_STRICT_OBJC_MSGSEND = YES;
				GCC_C_LANGUAGE_STANDARD = gnu11;
				GCC_NO_COMMON_BLOCKS = YES;
				GCC_WARN_64_TO_32_BIT_CONVERSION = YES;
				GCC_WARN_ABOUT_RETURN_TYPE = YES_ERROR;
				GCC_WARN_UNDECLARED_SELECTOR = YES;
				GCC_WARN_UNINITIALIZED_AUTOS = YES_AGGRESSIVE;
				GCC_WARN_UNUSED_FUNCTION = YES;
				GCC_WARN_UNUSED_VARIABLE = YES;
				IPHONEOS_DEPLOYMENT_TARGET = 14.3;
				MTL_ENABLE_DEBUG_INFO = NO;
				MTL_FAST_MATH = YES;
				SDKROOT = iphoneos;
				SWIFT_COMPILATION_MODE = wholemodule;
				SWIFT_OPTIMIZATION_LEVEL = "-O";
				VALIDATE_PRODUCT = YES;
			};
			name = Release;
		};
		9ED7A6C72621BABF0035F583 /* Debug */ = {
			isa = XCBuildConfiguration;
			buildSettings = {
				ASSETCATALOG_COMPILER_APPICON_NAME = AppIcon;
				ASSETCATALOG_COMPILER_GLOBAL_ACCENT_COLOR_NAME = AccentColor;
				CODE_SIGN_STYLE = Automatic;
				DEVELOPMENT_TEAM = XMJC3V4G87;
				INFOPLIST_FILE = RandstadRiseSmart/Info.plist;
				LD_RUNPATH_SEARCH_PATHS = (
					"$(inherited)",
					"@executable_path/Frameworks",
				);
				PRODUCT_BUNDLE_IDENTIFIER = com.visaero.dev.RandstadRiseSmart;
				PRODUCT_NAME = "$(TARGET_NAME)";
				SWIFT_VERSION = 5.0;
				TARGETED_DEVICE_FAMILY = "1,2";
			};
			name = Debug;
		};
		9ED7A6C82621BABF0035F583 /* Release */ = {
			isa = XCBuildConfiguration;
			buildSettings = {
				ASSETCATALOG_COMPILER_APPICON_NAME = AppIcon;
				ASSETCATALOG_COMPILER_GLOBAL_ACCENT_COLOR_NAME = AccentColor;
				CODE_SIGN_STYLE = Automatic;
				DEVELOPMENT_TEAM = XMJC3V4G87;
				INFOPLIST_FILE = RandstadRiseSmart/Info.plist;
				LD_RUNPATH_SEARCH_PATHS = (
					"$(inherited)",
					"@executable_path/Frameworks",
				);
				PRODUCT_BUNDLE_IDENTIFIER = com.visaero.dev.RandstadRiseSmart;
				PRODUCT_NAME = "$(TARGET_NAME)";
				SWIFT_VERSION = 5.0;
				TARGETED_DEVICE_FAMILY = "1,2";
			};
			name = Release;
		};
/* End XCBuildConfiguration section */

/* Begin XCConfigurationList section */
		9ED7A6AD2621BABC0035F583 /* Build configuration list for PBXProject "RandstadRiseSmart" */ = {
			isa = XCConfigurationList;
			buildConfigurations = (
				9ED7A6C42621BABF0035F583 /* Debug */,
				9ED7A6C52621BABF0035F583 /* Release */,
			);
			defaultConfigurationIsVisible = 0;
			defaultConfigurationName = Release;
		};
		9ED7A6C62621BABF0035F583 /* Build configuration list for PBXNativeTarget "RandstadRiseSmart" */ = {
			isa = XCConfigurationList;
			buildConfigurations = (
				9ED7A6C72621BABF0035F583 /* Debug */,
				9ED7A6C82621BABF0035F583 /* Release */,
			);
			defaultConfigurationIsVisible = 0;
			defaultConfigurationName = Release;
		};
/* End XCConfigurationList section */
	};
	rootObject = 9ED7A6AA2621BABC0035F583 /* Project object */;
}
